// !$*UTF8*$!
{
	archiveVersion = 1;
	classes = {
	};
	objectVersion = 46;
	objects = {

/* Begin PBXBuildFile section */
		945B5F491CA4CC2D00E400F1 /* UIViewController+Example.m in Sources */ = {isa = PBXBuildFile; fileRef = 945B5F481CA4CC2D00E400F1 /* UIViewController+Example.m */; };
		945B5F4F1CA515B500E400F1 /* SWTestViewController.m in Sources */ = {isa = PBXBuildFile; fileRef = 945B5F4E1CA515B500E400F1 /* SWTestViewController.m */; };
		945B5F531CA5297100E400F1 /* SWRefreshComponent.m in Sources */ = {isa = PBXBuildFile; fileRef = 945B5F521CA5297100E400F1 /* SWRefreshComponent.m */; };
		945B5F561CA53D7D00E400F1 /* UIView+SWFrame.m in Sources */ = {isa = PBXBuildFile; fileRef = 945B5F551CA53D7D00E400F1 /* UIView+SWFrame.m */; };
		949F52EE1CA14D4E00792EA9 /* main.m in Sources */ = {isa = PBXBuildFile; fileRef = 949F52ED1CA14D4E00792EA9 /* main.m */; };
		949F52F71CA14D4E00792EA9 /* Main.storyboard in Resources */ = {isa = PBXBuildFile; fileRef = 949F52F51CA14D4E00792EA9 /* Main.storyboard */; };
		949F52F91CA14D4E00792EA9 /* Assets.xcassets in Resources */ = {isa = PBXBuildFile; fileRef = 949F52F81CA14D4E00792EA9 /* Assets.xcassets */; };
		949F52FC1CA14D4E00792EA9 /* LaunchScreen.storyboard in Resources */ = {isa = PBXBuildFile; fileRef = 949F52FA1CA14D4E00792EA9 /* LaunchScreen.storyboard */; };
		949F53071CA14D4F00792EA9 /* SWRefreshTests.m in Sources */ = {isa = PBXBuildFile; fileRef = 949F53061CA14D4F00792EA9 /* SWRefreshTests.m */; };
		949F53121CA14D4F00792EA9 /* SWRefreshUITests.m in Sources */ = {isa = PBXBuildFile; fileRef = 949F53111CA14D4F00792EA9 /* SWRefreshUITests.m */; };
		94A062F31CA3DC7A0059B360 /* SWExample.m in Sources */ = {isa = PBXBuildFile; fileRef = 94A062EC1CA3DC7A0059B360 /* SWExample.m */; };
		94A062F41CA3DC7A0059B360 /* SWExampleViewController.m in Sources */ = {isa = PBXBuildFile; fileRef = 94A062EE1CA3DC7A0059B360 /* SWExampleViewController.m */; };
		94A062F51CA3DC7A0059B360 /* AppDelegate.m in Sources */ = {isa = PBXBuildFile; fileRef = 94A062F11CA3DC7A0059B360 /* AppDelegate.m */; };
		94A062F81CA3DD1E0059B360 /* SWTableViewController.m in Sources */ = {isa = PBXBuildFile; fileRef = 94A062F71CA3DD1E0059B360 /* SWTableViewController.m */; };
/* End PBXBuildFile section */

/* Begin PBXContainerItemProxy section */
		949F53031CA14D4F00792EA9 /* PBXContainerItemProxy */ = {
			isa = PBXContainerItemProxy;
			containerPortal = 949F52E11CA14D4E00792EA9 /* Project object */;
			proxyType = 1;
			remoteGlobalIDString = 949F52E81CA14D4E00792EA9;
			remoteInfo = SWRefresh;
		};
		949F530E1CA14D4F00792EA9 /* PBXContainerItemProxy */ = {
			isa = PBXContainerItemProxy;
			containerPortal = 949F52E11CA14D4E00792EA9 /* Project object */;
			proxyType = 1;
			remoteGlobalIDString = 949F52E81CA14D4E00792EA9;
			remoteInfo = SWRefresh;
		};
/* End PBXContainerItemProxy section */

/* Begin PBXFileReference section */
		945B5F471CA4CC2D00E400F1 /* UIViewController+Example.h */ = {isa = PBXFileReference; fileEncoding = 4; lastKnownFileType = sourcecode.c.h; path = "UIViewController+Example.h"; sourceTree = "<group>"; };
		945B5F481CA4CC2D00E400F1 /* UIViewController+Example.m */ = {isa = PBXFileReference; fileEncoding = 4; lastKnownFileType = sourcecode.c.objc; path = "UIViewController+Example.m"; sourceTree = "<group>"; };
		945B5F4D1CA515B500E400F1 /* SWTestViewController.h */ = {isa = PBXFileReference; fileEncoding = 4; lastKnownFileType = sourcecode.c.h; path = SWTestViewController.h; sourceTree = "<group>"; };
		945B5F4E1CA515B500E400F1 /* SWTestViewController.m */ = {isa = PBXFileReference; fileEncoding = 4; lastKnownFileType = sourcecode.c.objc; path = SWTestViewController.m; sourceTree = "<group>"; };
		945B5F511CA5297100E400F1 /* SWRefreshComponent.h */ = {isa = PBXFileReference; fileEncoding = 4; lastKnownFileType = sourcecode.c.h; path = SWRefreshComponent.h; sourceTree = "<group>"; };
		945B5F521CA5297100E400F1 /* SWRefreshComponent.m */ = {isa = PBXFileReference; fileEncoding = 4; lastKnownFileType = sourcecode.c.objc; path = SWRefreshComponent.m; sourceTree = "<group>"; };
		945B5F541CA53D7D00E400F1 /* UIView+SWFrame.h */ = {isa = PBXFileReference; fileEncoding = 4; lastKnownFileType = sourcecode.c.h; path = "UIView+SWFrame.h"; sourceTree = "<group>"; };
		945B5F551CA53D7D00E400F1 /* UIView+SWFrame.m */ = {isa = PBXFileReference; fileEncoding = 4; lastKnownFileType = sourcecode.c.objc; path = "UIView+SWFrame.m"; sourceTree = "<group>"; };
		949F52E91CA14D4E00792EA9 /* SWRefresh.app */ = {isa = PBXFileReference; explicitFileType = wrapper.application; includeInIndex = 0; path = SWRefresh.app; sourceTree = BUILT_PRODUCTS_DIR; };
		949F52ED1CA14D4E00792EA9 /* main.m */ = {isa = PBXFileReference; lastKnownFileType = sourcecode.c.objc; path = main.m; sourceTree = "<group>"; };
		949F52F61CA14D4E00792EA9 /* Base */ = {isa = PBXFileReference; lastKnownFileType = file.storyboard; name = Base; path = Base.lproj/Main.storyboard; sourceTree = "<group>"; };
		949F52F81CA14D4E00792EA9 /* Assets.xcassets */ = {isa = PBXFileReference; lastKnownFileType = folder.assetcatalog; path = Assets.xcassets; sourceTree = "<group>"; };
		949F52FB1CA14D4E00792EA9 /* Base */ = {isa = PBXFileReference; lastKnownFileType = file.storyboard; name = Base; path = Base.lproj/LaunchScreen.storyboard; sourceTree = "<group>"; };
		949F52FD1CA14D4E00792EA9 /* Info.plist */ = {isa = PBXFileReference; lastKnownFileType = text.plist.xml; path = Info.plist; sourceTree = "<group>"; };
		949F53021CA14D4F00792EA9 /* SWRefresh.xctest */ = {isa = PBXFileReference; explicitFileType = wrapper.cfbundle; includeInIndex = 0; path = SWRefresh.xctest; sourceTree = BUILT_PRODUCTS_DIR; };
		949F53061CA14D4F00792EA9 /* SWRefreshTests.m */ = {isa = PBXFileReference; lastKnownFileType = sourcecode.c.objc; path = SWRefreshTests.m; sourceTree = "<group>"; };
		949F53081CA14D4F00792EA9 /* Info.plist */ = {isa = PBXFileReference; lastKnownFileType = text.plist.xml; path = Info.plist; sourceTree = "<group>"; };
		949F530D1CA14D4F00792EA9 /* SWRefresh.xctest */ = {isa = PBXFileReference; explicitFileType = wrapper.cfbundle; includeInIndex = 0; path = SWRefresh.xctest; sourceTree = BUILT_PRODUCTS_DIR; };
		949F53111CA14D4F00792EA9 /* SWRefreshUITests.m */ = {isa = PBXFileReference; lastKnownFileType = sourcecode.c.objc; path = SWRefreshUITests.m; sourceTree = "<group>"; };
		949F53131CA14D4F00792EA9 /* Info.plist */ = {isa = PBXFileReference; lastKnownFileType = text.plist.xml; path = Info.plist; sourceTree = "<group>"; };
		94A062EB1CA3DC7A0059B360 /* SWExample.h */ = {isa = PBXFileReference; fileEncoding = 4; lastKnownFileType = sourcecode.c.h; path = SWExample.h; sourceTree = "<group>"; };
		94A062EC1CA3DC7A0059B360 /* SWExample.m */ = {isa = PBXFileReference; fileEncoding = 4; lastKnownFileType = sourcecode.c.objc; path = SWExample.m; sourceTree = "<group>"; };
		94A062ED1CA3DC7A0059B360 /* SWExampleViewController.h */ = {isa = PBXFileReference; fileEncoding = 4; lastKnownFileType = sourcecode.c.h; path = SWExampleViewController.h; sourceTree = "<group>"; };
		94A062EE1CA3DC7A0059B360 /* SWExampleViewController.m */ = {isa = PBXFileReference; fileEncoding = 4; lastKnownFileType = sourcecode.c.objc; path = SWExampleViewController.m; sourceTree = "<group>"; };
		94A062F01CA3DC7A0059B360 /* AppDelegate.h */ = {isa = PBXFileReference; fileEncoding = 4; lastKnownFileType = sourcecode.c.h; path = AppDelegate.h; sourceTree = "<group>"; };
		94A062F11CA3DC7A0059B360 /* AppDelegate.m */ = {isa = PBXFileReference; fileEncoding = 4; lastKnownFileType = sourcecode.c.objc; path = AppDelegate.m; sourceTree = "<group>"; };
		94A062F61CA3DD1E0059B360 /* SWTableViewController.h */ = {isa = PBXFileReference; fileEncoding = 4; lastKnownFileType = sourcecode.c.h; path = SWTableViewController.h; sourceTree = "<group>"; };
		94A062F71CA3DD1E0059B360 /* SWTableViewController.m */ = {isa = PBXFileReference; fileEncoding = 4; lastKnownFileType = sourcecode.c.objc; path = SWTableViewController.m; sourceTree = "<group>"; };
/* End PBXFileReference section */

/* Begin PBXFrameworksBuildPhase section */
		949F52E61CA14D4E00792EA9 /* Frameworks */ = {
			isa = PBXFrameworksBuildPhase;
			buildActionMask = 2147483647;
			files = (
			);
			runOnlyForDeploymentPostprocessing = 0;
		};
		949F52FF1CA14D4F00792EA9 /* Frameworks */ = {
			isa = PBXFrameworksBuildPhase;
			buildActionMask = 2147483647;
			files = (
			);
			runOnlyForDeploymentPostprocessing = 0;
		};
		949F530A1CA14D4F00792EA9 /* Frameworks */ = {
			isa = PBXFrameworksBuildPhase;
			buildActionMask = 2147483647;
			files = (
			);
			runOnlyForDeploymentPostprocessing = 0;
		};
/* End PBXFrameworksBuildPhase section */

/* Begin PBXGroup section */
		945B5F501CA5294E00E400F1 /* Refresh */ = {
			isa = PBXGroup;
			children = (
				945B5F511CA5297100E400F1 /* SWRefreshComponent.h */,
				945B5F521CA5297100E400F1 /* SWRefreshComponent.m */,
				945B5F541CA53D7D00E400F1 /* UIView+SWFrame.h */,
				945B5F551CA53D7D00E400F1 /* UIView+SWFrame.m */,
			);
			path = Refresh;
			sourceTree = "<group>";
		};
		949F52E01CA14D4E00792EA9 = {
			isa = PBXGroup;
			children = (
				949F52EB1CA14D4E00792EA9 /* SWRefresh */,
				949F53051CA14D4F00792EA9 /* SWRefreshTests */,
				949F53101CA14D4F00792EA9 /* SWRefreshUITests */,
				949F52EA1CA14D4E00792EA9 /* Products */,
			);
			sourceTree = "<group>";
		};
		949F52EA1CA14D4E00792EA9 /* Products */ = {
			isa = PBXGroup;
			children = (
				949F52E91CA14D4E00792EA9 /* SWRefresh.app */,
				949F53021CA14D4F00792EA9 /* SWRefresh.xctest */,
				949F530D1CA14D4F00792EA9 /* SWRefresh.xctest */,
			);
			name = Products;
			sourceTree = "<group>";
		};
		949F52EB1CA14D4E00792EA9 /* SWRefresh */ = {
			isa = PBXGroup;
			children = (
				945B5F501CA5294E00E400F1 /* Refresh */,
				94A062E71CA3DC7A0059B360 /* Class */,
				949F52EC1CA14D4E00792EA9 /* Supporting Files */,
			);
			path = SWRefresh;
			sourceTree = "<group>";
		};
		949F52EC1CA14D4E00792EA9 /* Supporting Files */ = {
			isa = PBXGroup;
			children = (
				949F52F51CA14D4E00792EA9 /* Main.storyboard */,
				949F52F81CA14D4E00792EA9 /* Assets.xcassets */,
				949F52FA1CA14D4E00792EA9 /* LaunchScreen.storyboard */,
				949F52FD1CA14D4E00792EA9 /* Info.plist */,
				949F52ED1CA14D4E00792EA9 /* main.m */,
			);
			name = "Supporting Files";
			sourceTree = "<group>";
		};
		949F53051CA14D4F00792EA9 /* SWRefreshTests */ = {
			isa = PBXGroup;
			children = (
				949F53061CA14D4F00792EA9 /* SWRefreshTests.m */,
				949F53081CA14D4F00792EA9 /* Info.plist */,
			);
			path = SWRefreshTests;
			sourceTree = "<group>";
		};
		949F53101CA14D4F00792EA9 /* SWRefreshUITests */ = {
			isa = PBXGroup;
			children = (
				949F53111CA14D4F00792EA9 /* SWRefreshUITests.m */,
				949F53131CA14D4F00792EA9 /* Info.plist */,
			);
			path = SWRefreshUITests;
			sourceTree = "<group>";
		};
		94A062E71CA3DC7A0059B360 /* Class */ = {
			isa = PBXGroup;
			children = (
				94A062E81CA3DC7A0059B360 /* Category */,
				94A062E91CA3DC7A0059B360 /* DIY */,
				94A062EA1CA3DC7A0059B360 /* First */,
				94A062F21CA3DC7A0059B360 /* Second */,
				94A062EF1CA3DC7A0059B360 /* Other */,
			);
			path = Class;
			sourceTree = "<group>";
		};
		94A062E81CA3DC7A0059B360 /* Category */ = {
			isa = PBXGroup;
			children = (
				945B5F471CA4CC2D00E400F1 /* UIViewController+Example.h */,
				945B5F481CA4CC2D00E400F1 /* UIViewController+Example.m */,
			);
			path = Category;
			sourceTree = "<group>";
		};
		94A062E91CA3DC7A0059B360 /* DIY */ = {
			isa = PBXGroup;
			children = (
			);
			path = DIY;
			sourceTree = "<group>";
		};
		94A062EA1CA3DC7A0059B360 /* First */ = {
			isa = PBXGroup;
			children = (
				94A062EB1CA3DC7A0059B360 /* SWExample.h */,
				94A062EC1CA3DC7A0059B360 /* SWExample.m */,
				94A062ED1CA3DC7A0059B360 /* SWExampleViewController.h */,
				94A062EE1CA3DC7A0059B360 /* SWExampleViewController.m */,
			);
			path = First;
			sourceTree = "<group>";
		};
		94A062EF1CA3DC7A0059B360 /* Other */ = {
			isa = PBXGroup;
			children = (
				94A062F01CA3DC7A0059B360 /* AppDelegate.h */,
				94A062F11CA3DC7A0059B360 /* AppDelegate.m */,
			);
			path = Other;
			sourceTree = "<group>";
		};
		94A062F21CA3DC7A0059B360 /* Second */ = {
			isa = PBXGroup;
			children = (
				94A062F61CA3DD1E0059B360 /* SWTableViewController.h */,
				94A062F71CA3DD1E0059B360 /* SWTableViewController.m */,
				945B5F4D1CA515B500E400F1 /* SWTestViewController.h */,
				945B5F4E1CA515B500E400F1 /* SWTestViewController.m */,
			);
			path = Second;
			sourceTree = "<group>";
		};
/* End PBXGroup section */

/* Begin PBXNativeTarget section */
		949F52E81CA14D4E00792EA9 /* SWRefresh */ = {
			isa = PBXNativeTarget;
			buildConfigurationList = 949F53161CA14D4F00792EA9 /* Build configuration list for PBXNativeTarget "SWRefresh" */;
			buildPhases = (
				949F52E51CA14D4E00792EA9 /* Sources */,
				949F52E61CA14D4E00792EA9 /* Frameworks */,
				949F52E71CA14D4E00792EA9 /* Resources */,
			);
			buildRules = (
			);
			dependencies = (
			);
			name = SWRefresh;
			productName = SWRefresh;
			productReference = 949F52E91CA14D4E00792EA9 /* SWRefresh.app */;
			productType = "com.apple.product-type.application";
		};
		949F53011CA14D4F00792EA9 /* SWRefreshTests */ = {
			isa = PBXNativeTarget;
			buildConfigurationList = 949F53191CA14D4F00792EA9 /* Build configuration list for PBXNativeTarget "SWRefreshTests" */;
			buildPhases = (
				949F52FE1CA14D4F00792EA9 /* Sources */,
				949F52FF1CA14D4F00792EA9 /* Frameworks */,
				949F53001CA14D4F00792EA9 /* Resources */,
			);
			buildRules = (
			);
			dependencies = (
				949F53041CA14D4F00792EA9 /* PBXTargetDependency */,
			);
			name = SWRefreshTests;
			productName = SWRefreshTests;
			productReference = 949F53021CA14D4F00792EA9 /* SWRefresh.xctest */;
			productType = "com.apple.product-type.bundle.unit-test";
		};
		949F530C1CA14D4F00792EA9 /* SWRefreshUITests */ = {
			isa = PBXNativeTarget;
			buildConfigurationList = 949F531C1CA14D4F00792EA9 /* Build configuration list for PBXNativeTarget "SWRefreshUITests" */;
			buildPhases = (
				949F53091CA14D4F00792EA9 /* Sources */,
				949F530A1CA14D4F00792EA9 /* Frameworks */,
				949F530B1CA14D4F00792EA9 /* Resources */,
			);
			buildRules = (
			);
			dependencies = (
				949F530F1CA14D4F00792EA9 /* PBXTargetDependency */,
			);
			name = SWRefreshUITests;
			productName = SWRefreshUITests;
			productReference = 949F530D1CA14D4F00792EA9 /* SWRefresh.xctest */;
			productType = "com.apple.product-type.bundle.ui-testing";
		};
/* End PBXNativeTarget section */

/* Begin PBXProject section */
		949F52E11CA14D4E00792EA9 /* Project object */ = {
			isa = PBXProject;
			attributes = {
				LastUpgradeCheck = 0720;
				ORGANIZATIONNAME = SliderWater;
				TargetAttributes = {
					949F52E81CA14D4E00792EA9 = {
						CreatedOnToolsVersion = 7.2;
					};
					949F53011CA14D4F00792EA9 = {
						CreatedOnToolsVersion = 7.2;
						TestTargetID = 949F52E81CA14D4E00792EA9;
					};
					949F530C1CA14D4F00792EA9 = {
						CreatedOnToolsVersion = 7.2;
						TestTargetID = 949F52E81CA14D4E00792EA9;
					};
				};
			};
			buildConfigurationList = 949F52E41CA14D4E00792EA9 /* Build configuration list for PBXProject "SWRefresh" */;
			compatibilityVersion = "Xcode 3.2";
			developmentRegion = English;
			hasScannedForEncodings = 0;
			knownRegions = (
				en,
				Base,
			);
			mainGroup = 949F52E01CA14D4E00792EA9;
			productRefGroup = 949F52EA1CA14D4E00792EA9 /* Products */;
			projectDirPath = "";
			projectRoot = "";
			targets = (
				949F52E81CA14D4E00792EA9 /* SWRefresh */,
				949F53011CA14D4F00792EA9 /* SWRefreshTests */,
				949F530C1CA14D4F00792EA9 /* SWRefreshUITests */,
			);
		};
/* End PBXProject section */

/* Begin PBXResourcesBuildPhase section */
		949F52E71CA14D4E00792EA9 /* Resources */ = {
			isa = PBXResourcesBuildPhase;
			buildActionMask = 2147483647;
			files = (
				949F52FC1CA14D4E00792EA9 /* LaunchScreen.storyboard in Resources */,
				949F52F91CA14D4E00792EA9 /* Assets.xcassets in Resources */,
				949F52F71CA14D4E00792EA9 /* Main.storyboard in Resources */,
			);
			runOnlyForDeploymentPostprocessing = 0;
		};
		949F53001CA14D4F00792EA9 /* Resources */ = {
			isa = PBXResourcesBuildPhase;
			buildActionMask = 2147483647;
			files = (
			);
			runOnlyForDeploymentPostprocessing = 0;
		};
		949F530B1CA14D4F00792EA9 /* Resources */ = {
			isa = PBXResourcesBuildPhase;
			buildActionMask = 2147483647;
			files = (
			);
			runOnlyForDeploymentPostprocessing = 0;
		};
/* End PBXResourcesBuildPhase section */

/* Begin PBXSourcesBuildPhase section */
		949F52E51CA14D4E00792EA9 /* Sources */ = {
			isa = PBXSourcesBuildPhase;
			buildActionMask = 2147483647;
			files = (
				94A062F31CA3DC7A0059B360 /* SWExample.m in Sources */,
				94A062F41CA3DC7A0059B360 /* SWExampleViewController.m in Sources */,
				94A062F81CA3DD1E0059B360 /* SWTableViewController.m in Sources */,
				945B5F531CA5297100E400F1 /* SWRefreshComponent.m in Sources */,
				945B5F491CA4CC2D00E400F1 /* UIViewController+Example.m in Sources */,
				945B5F4F1CA515B500E400F1 /* SWTestViewController.m in Sources */,
				945B5F561CA53D7D00E400F1 /* UIView+SWFrame.m in Sources */,
				949F52EE1CA14D4E00792EA9 /* main.m in Sources */,
				94A062F51CA3DC7A0059B360 /* AppDelegate.m in Sources */,
			);
			runOnlyForDeploymentPostprocessing = 0;
		};
		949F52FE1CA14D4F00792EA9 /* Sources */ = {
			isa = PBXSourcesBuildPhase;
			buildActionMask = 2147483647;
			files = (
				949F53071CA14D4F00792EA9 /* SWRefreshTests.m in Sources */,
			);
			runOnlyForDeploymentPostprocessing = 0;
		};
		949F53091CA14D4F00792EA9 /* Sources */ = {
			isa = PBXSourcesBuildPhase;
			buildActionMask = 2147483647;
			files = (
				949F53121CA14D4F00792EA9 /* SWRefreshUITests.m in Sources */,
			);
			runOnlyForDeploymentPostprocessing = 0;
		};
/* End PBXSourcesBuildPhase section */

/* Begin PBXTargetDependency section */
		949F53041CA14D4F00792EA9 /* PBXTargetDependency */ = {
			isa = PBXTargetDependency;
			target = 949F52E81CA14D4E00792EA9 /* SWRefresh */;
			targetProxy = 949F53031CA14D4F00792EA9 /* PBXContainerItemProxy */;
		};
		949F530F1CA14D4F00792EA9 /* PBXTargetDependency */ = {
			isa = PBXTargetDependency;
			target = 949F52E81CA14D4E00792EA9 /* SWRefresh */;
			targetProxy = 949F530E1CA14D4F00792EA9 /* PBXContainerItemProxy */;
		};
/* End PBXTargetDependency section */

/* Begin PBXVariantGroup section */
		949F52F51CA14D4E00792EA9 /* Main.storyboard */ = {
			isa = PBXVariantGroup;
			children = (
				949F52F61CA14D4E00792EA9 /* Base */,
			);
			name = Main.storyboard;
			sourceTree = "<group>";
		};
		949F52FA1CA14D4E00792EA9 /* LaunchScreen.storyboard */ = {
			isa = PBXVariantGroup;
			children = (
				949F52FB1CA14D4E00792EA9 /* Base */,
			);
			name = LaunchScreen.storyboard;
			sourceTree = "<group>";
		};
/* End PBXVariantGroup section */

/* Begin XCBuildConfiguration section */
		949F53141CA14D4F00792EA9 /* Debug */ = {
			isa = XCBuildConfiguration;
			buildSettings = {
				ALWAYS_SEARCH_USER_PATHS = NO;
				CLANG_CXX_LANGUAGE_STANDARD = "gnu++0x";
				CLANG_CXX_LIBRARY = "libc++";
				CLANG_ENABLE_MODULES = YES;
				CLANG_ENABLE_OBJC_ARC = YES;
				CLANG_WARN_BOOL_CONVERSION = YES;
				CLANG_WARN_CONSTANT_CONVERSION = YES;
				CLANG_WARN_DIRECT_OBJC_ISA_USAGE = YES_ERROR;
				CLANG_WARN_EMPTY_BODY = YES;
				CLANG_WARN_ENUM_CONVERSION = YES;
				CLANG_WARN_INT_CONVERSION = YES;
				CLANG_WARN_OBJC_ROOT_CLASS = YES_ERROR;
				CLANG_WARN_UNREACHABLE_CODE = YES;
				CLANG_WARN__DUPLICATE_METHOD_MATCH = YES;
				"CODE_SIGN_IDENTITY[sdk=iphoneos*]" = "iPhone Developer";
				COPY_PHASE_STRIP = NO;
				DEBUG_INFORMATION_FORMAT = dwarf;
				ENABLE_STRICT_OBJC_MSGSEND = YES;
				ENABLE_TESTABILITY = YES;
				GCC_C_LANGUAGE_STANDARD = gnu99;
				GCC_DYNAMIC_NO_PIC = NO;
				GCC_NO_COMMON_BLOCKS = YES;
				GCC_OPTIMIZATION_LEVEL = 0;
				GCC_PREPROCESSOR_DEFINITIONS = (
					"DEBUG=1",
					"$(inherited)",
				);
				GCC_WARN_64_TO_32_BIT_CONVERSION = YES;
				GCC_WARN_ABOUT_RETURN_TYPE = YES_ERROR;
				GCC_WARN_UNDECLARED_SELECTOR = YES;
				GCC_WARN_UNINITIALIZED_AUTOS = YES_AGGRESSIVE;
				GCC_WARN_UNUSED_FUNCTION = YES;
				GCC_WARN_UNUSED_VARIABLE = YES;
				IPHONEOS_DEPLOYMENT_TARGET = 9.2;
				MTL_ENABLE_DEBUG_INFO = YES;
				ONLY_ACTIVE_ARCH = YES;
				SDKROOT = iphoneos;
			};
			name = Debug;
		};
		949F53151CA14D4F00792EA9 /* Release */ = {
			isa = XCBuildConfiguration;
			buildSettings = {
				ALWAYS_SEARCH_USER_PATHS = NO;
				CLANG_CXX_LANGUAGE_STANDARD = "gnu++0x";
				CLANG_CXX_LIBRARY = "libc++";
				CLANG_ENABLE_MODULES = YES;
				CLANG_ENABLE_OBJC_ARC = YES;
				CLANG_WARN_BOOL_CONVERSION = YES;
				CLANG_WARN_CONSTANT_CONVERSION = YES;
				CLANG_WARN_DIRECT_OBJC_ISA_USAGE = YES_ERROR;
				CLANG_WARN_EMPTY_BODY = YES;
				CLANG_WARN_ENUM_CONVERSION = YES;
				CLANG_WARN_INT_CONVERSION = YES;
				CLANG_WARN_OBJC_ROOT_CLASS = YES_ERROR;
				CLANG_WARN_UNREACHABLE_CODE = YES;
				CLANG_WARN__DUPLICATE_METHOD_MATCH = YES;
				"CODE_SIGN_IDENTITY[sdk=iphoneos*]" = "iPhone Developer";
				COPY_PHASE_STRIP = NO;
				DEBUG_INFORMATION_FORMAT = "dwarf-with-dsym";
				ENABLE_NS_ASSERTIONS = NO;
				ENABLE_STRICT_OBJC_MSGSEND = YES;
				GCC_C_LANGUAGE_STANDARD = gnu99;
				GCC_NO_COMMON_BLOCKS = YES;
				GCC_WARN_64_TO_32_BIT_CONVERSION = YES;
				GCC_WARN_ABOUT_RETURN_TYPE = YES_ERROR;
				GCC_WARN_UNDECLARED_SELECTOR = YES;
				GCC_WARN_UNINITIALIZED_AUTOS = YES_AGGRESSIVE;
				GCC_WARN_UNUSED_FUNCTION = YES;
				GCC_WARN_UNUSED_VARIABLE = YES;
				IPHONEOS_DEPLOYMENT_TARGET = 9.2;
				MTL_ENABLE_DEBUG_INFO = NO;
				SDKROOT = iphoneos;
				VALIDATE_PRODUCT = YES;
			};
			name = Release;
		};
		949F53171CA14D4F00792EA9 /* Debug */ = {
			isa = XCBuildConfiguration;
			buildSettings = {
				ASSETCATALOG_COMPILER_APPICON_NAME = AppIcon;
				INFOPLIST_FILE = SWRefresh/Info.plist;
				LD_RUNPATH_SEARCH_PATHS = "$(inherited) @executable_path/Frameworks";
				PRODUCT_BUNDLE_IDENTIFIER = com.sliderwater.SWRefresh;
				PRODUCT_NAME = SWRefresh;
			};
			name = Debug;
		};
		949F53181CA14D4F00792EA9 /* Release */ = {
			isa = XCBuildConfiguration;
			buildSettings = {
				ASSETCATALOG_COMPILER_APPICON_NAME = AppIcon;
				INFOPLIST_FILE = SWRefresh/Info.plist;
				LD_RUNPATH_SEARCH_PATHS = "$(inherited) @executable_path/Frameworks";
				PRODUCT_BUNDLE_IDENTIFIER = com.sliderwater.SWRefresh;
				PRODUCT_NAME = SWRefresh;
			};
			name = Release;
		};
		949F531A1CA14D4F00792EA9 /* Debug */ = {
			isa = XCBuildConfiguration;
			buildSettings = {
				BUNDLE_LOADER = "$(TEST_HOST)";
				INFOPLIST_FILE = SWRefreshTests/Info.plist;
				LD_RUNPATH_SEARCH_PATHS = "$(inherited) @executable_path/Frameworks @loader_path/Frameworks";
				PRODUCT_BUNDLE_IDENTIFIER = com.sliderwater.SWRefreshTests;
				PRODUCT_NAME = SWRefresh;
				TEST_HOST = "$(BUILT_PRODUCTS_DIR)/SWRefresh.app/SWRefresh";
			};
			name = Debug;
		};
		949F531B1CA14D4F00792EA9 /* Release */ = {
			isa = XCBuildConfiguration;
			buildSettings = {
				BUNDLE_LOADER = "$(TEST_HOST)";
				INFOPLIST_FILE = SWRefreshTests/Info.plist;
				LD_RUNPATH_SEARCH_PATHS = "$(inherited) @executable_path/Frameworks @loader_path/Frameworks";
				PRODUCT_BUNDLE_IDENTIFIER = com.sliderwater.SWRefreshTests;
				PRODUCT_NAME = SWRefresh;
				TEST_HOST = "$(BUILT_PRODUCTS_DIR)/SWRefresh.app/SWRefresh";
			};
			name = Release;
		};
		949F531D1CA14D4F00792EA9 /* Debug */ = {
			isa = XCBuildConfiguration;
			buildSettings = {
				INFOPLIST_FILE = SWRefreshUITests/Info.plist;
				LD_RUNPATH_SEARCH_PATHS = "$(inherited) @executable_path/Frameworks @loader_path/Frameworks";
				PRODUCT_BUNDLE_IDENTIFIER = com.sliderwater.SWRefreshUITests;
				PRODUCT_NAME = SWRefresh;
				TEST_TARGET_NAME = SWRefresh;
				USES_XCTRUNNER = YES;
			};
			name = Debug;
		};
		949F531E1CA14D4F00792EA9 /* Release */ = {
			isa = XCBuildConfiguration;
			buildSettings = {
				INFOPLIST_FILE = SWRefreshUITests/Info.plist;
				LD_RUNPATH_SEARCH_PATHS = "$(inherited) @executable_path/Frameworks @loader_path/Frameworks";
				PRODUCT_BUNDLE_IDENTIFIER = com.sliderwater.SWRefreshUITests;
				PRODUCT_NAME = SWRefresh;
				TEST_TARGET_NAME = SWRefresh;
				USES_XCTRUNNER = YES;
			};
			name = Release;
		};
/* End XCBuildConfiguration section */

/* Begin XCConfigurationList section */
		949F52E41CA14D4E00792EA9 /* Build configuration list for PBXProject "SWRefresh" */ = {
			isa = XCConfigurationList;
			buildConfigurations = (
				949F53141CA14D4F00792EA9 /* Debug */,
				949F53151CA14D4F00792EA9 /* Release */,
			);
			defaultConfigurationIsVisible = 0;
			defaultConfigurationName = Release;
		};
		949F53161CA14D4F00792EA9 /* Build configuration list for PBXNativeTarget "SWRefresh" */ = {
			isa = XCConfigurationList;
			buildConfigurations = (
				949F53171CA14D4F00792EA9 /* Debug */,
				949F53181CA14D4F00792EA9 /* Release */,
			);
			defaultConfigurationIsVisible = 0;
			defaultConfigurationName = Release;
		};
		949F53191CA14D4F00792EA9 /* Build configuration list for PBXNativeTarget "SWRefreshTests" */ = {
			isa = XCConfigurationList;
			buildConfigurations = (
				949F531A1CA14D4F00792EA9 /* Debug */,
				949F531B1CA14D4F00792EA9 /* Release */,
			);
			defaultConfigurationIsVisible = 0;
			defaultConfigurationName = Release;
		};
		949F531C1CA14D4F00792EA9 /* Build configuration list for PBXNativeTarget "SWRefreshUITests" */ = {
			isa = XCConfigurationList;
			buildConfigurations = (
				949F531D1CA14D4F00792EA9 /* Debug */,
				949F531E1CA14D4F00792EA9 /* Release */,
			);
			defaultConfigurationIsVisible = 0;
			defaultConfigurationName = Release;
		};
/* End XCConfigurationList section */
	};
	rootObject = 949F52E11CA14D4E00792EA9 /* Project object */;
}
